
Microsoft Visual Studio Solution File, Format Version 12.00
# 
Project("{FAE04EC0-301F-11D3-BF4B-00C04F79EFBC}") = "Api", "Api\src\Api\Api.csproj", "{87C78CE2-EE1E-4ABC-9E8A-774CDF6CD928}"
EndProject
Project("{FAE04EC0-301F-11D3-BF4B-00C04F79EFBC}") = "Domain", "Api\src\Domain\Domain.csproj", "{A6A22EC9-B3FB-4003-8166-07CF6C868FB8}"
EndProject
Project("{FAE04EC0-301F-11D3-BF4B-00C04F79EFBC}") = "Infrastructure", "Api\src\Infrastructure\Infrastructure.csproj", "{608A0C39-4860-4645-8DE8-ABF2D8C6B6BB}"
EndProject
Project("{FAE04EC0-301F-11D3-BF4B-00C04F79EFBC}") = "Application", "Api\src\Application\Application.csproj", "{5CCB6662-568A-4EA0-8E30-EF7568CAB1AD}"
EndProject
Project("{2150E333-8FDC-42A3-9474-1A3956D46DE8}") = "UnitTests", "Api\UnitTests", "{501B72AE-089C-4FFD-A128-E3EBBA548589}"
EndProject
Project("{FAE04EC0-301F-11D3-BF4B-00C04F79EFBC}") = "UnitTests", "Api\UnitTests\UnitTests.csproj", "{D2AAA04A-2677-4854-AEE1-D0285E02C3D7}"
EndProject
Global
	GlobalSection(SolutionConfigurationPlatforms) = preSolution
		Debug|Any CPU = Debug|Any CPU
		Release|Any CPU = Release|Any CPU
	EndGlobalSection
	GlobalSection(ProjectConfigurationPlatforms) = postSolution
		{87C78CE2-EE1E-4ABC-9E8A-774CDF6CD928}.Debug|Any CPU.ActiveCfg = Debug|Any CPU
		{87C78CE2-EE1E-4ABC-9E8A-774CDF6CD928}.Debug|Any CPU.Build.0 = Debug|Any CPU
		{87C78CE2-EE1E-4ABC-9E8A-774CDF6CD928}.Release|Any CPU.ActiveCfg = Release|Any CPU
		{87C78CE2-EE1E-4ABC-9E8A-774CDF6CD928}.Release|Any CPU.Build.0 = Release|Any CPU
		{A6A22EC9-B3FB-4003-8166-07CF6C868FB8}.Debug|Any CPU.ActiveCfg = Debug|Any CPU
		{A6A22EC9-B3FB-4003-8166-07CF6C868FB8}.Debug|Any CPU.Build.0 = Debug|Any CPU
		{A6A22EC9-B3FB-4003-8166-07CF6C868FB8}.Release|Any CPU.ActiveCfg = Release|Any CPU
		{A6A22EC9-B3FB-4003-8166-07CF6C868FB8}.Release|Any CPU.Build.0 = Release|Any CPU
		{608A0C39-4860-4645-8DE8-ABF2D8C6B6BB}.Debug|Any CPU.ActiveCfg = Debug|Any CPU
		{608A0C39-4860-4645-8DE8-ABF2D8C6B6BB}.Debug|Any CPU.Build.0 = Debug|Any CPU
		{608A0C39-4860-4645-8DE8-ABF2D8C6B6BB}.Release|Any CPU.ActiveCfg = Release|Any CPU
		{608A0C39-4860-4645-8DE8-ABF2D8C6B6BB}.Release|Any CPU.Build.0 = Release|Any CPU
		{5CCB6662-568A-4EA0-8E30-EF7568CAB1AD}.Debug|Any CPU.ActiveCfg = Debug|Any CPU
		{5CCB6662-568A-4EA0-8E30-EF7568CAB1AD}.Debug|Any CPU.Build.0 = Debug|Any CPU
		{5CCB6662-568A-4EA0-8E30-EF7568CAB1AD}.Release|Any CPU.ActiveCfg = Release|Any CPU
		{5CCB6662-568A-4EA0-8E30-EF7568CAB1AD}.Release|Any CPU.Build.0 = Release|Any CPU
		{D2AAA04A-2677-4854-AEE1-D0285E02C3D7}.Debug|Any CPU.ActiveCfg = Debug|Any CPU
		{D2AAA04A-2677-4854-AEE1-D0285E02C3D7}.Debug|Any CPU.Build.0 = Debug|Any CPU
		{D2AAA04A-2677-4854-AEE1-D0285E02C3D7}.Release|Any CPU.ActiveCfg = Release|Any CPU
		{D2AAA04A-2677-4854-AEE1-D0285E02C3D7}.Release|Any CPU.Build.0 = Release|Any CPU
	EndGlobalSection
	GlobalSection(NestedProjects) = preSolution
		{D2AAA04A-2677-4854-AEE1-D0285E02C3D7} = {501B72AE-089C-4FFD-A128-E3EBBA548589}
	EndGlobalSection
EndGlobal
